
Microsoft Visual Studio Solution File, Format Version 12.00
# Visual Studio Version 16
VisualStudioVersion = 16.0.31313.79
MinimumVisualStudioVersion = 10.0.40219.1
Project("{2150E333-8FDC-42A3-9474-1A3956D46DE8}") = "src", "src", "{3240B031-4D9F-464E-BB9A-2BDE9F8327F3}"
EndProject
Project("{2150E333-8FDC-42A3-9474-1A3956D46DE8}") = "Building Blocks", "Building Blocks", "{C652D479-27F0-49EA-A860-113F91D6B89F}"
EndProject
Project("{2150E333-8FDC-42A3-9474-1A3956D46DE8}") = "Services", "Services", "{52AC191D-8795-4290-B17B-3B17D44C160C}"
EndProject
Project("{2150E333-8FDC-42A3-9474-1A3956D46DE8}") = "Web", "Web", "{67BFB4D1-ECED-438F-9814-58A8B26150C1}"
EndProject
Project("{2150E333-8FDC-42A3-9474-1A3956D46DE8}") = "Identidade", "Identidade", "{1895AF03-94BA-498A-85D9-836815273D9F}"
EndProject
Project("{9A19103F-16F7-4668-BE54-9A1E7A4F7556}") = "NSE.Identidade.API", "src\services\NSE.Identidade.API\NSE.Identidade.API.csproj", "{BD18FACE-8F66-48C2-A2DA-05C127C65BA9}"
EndProject
Project("{2150E333-8FDC-42A3-9474-1A3956D46DE8}") = "Core", "Core", "{7D50BECF-D930-43D0-B4CB-36BAF61D4B87}"
EndProject
Project("{9A19103F-16F7-4668-BE54-9A1E7A4F7556}") = "NSE.Core", "src\building blocks\NSE.Core\NSE.Core.csproj", "{F59DFDBB-02E0-4409-8F07-2147C7C42F94}"
EndProject
Project("{2150E333-8FDC-42A3-9474-1A3956D46DE8}") = "MVC", "MVC", "{957383DB-BB98-4D55-B4C5-530C2A78A055}"
EndProject
Project("{9A19103F-16F7-4668-BE54-9A1E7A4F7556}") = "NSE.WebApp.MVC", "src\web\NSE.WebApp.MVC\NSE.WebApp.MVC.csproj", "{75F19FDA-1097-4D00-8327-006A25BE9D9B}"
EndProject
Project("{2150E333-8FDC-42A3-9474-1A3956D46DE8}") = "Carrinho", "Carrinho", "{67496B9B-6961-42CA-8CA3-2AB1A92C0D05}"
EndProject
Project("{2150E333-8FDC-42A3-9474-1A3956D46DE8}") = "Catalogo", "Catalogo", "{6F1D6D3D-7DE2-4E87-B40E-7EDAD145497C}"
EndProject
Project("{2150E333-8FDC-42A3-9474-1A3956D46DE8}") = "Cliente", "Cliente", "{143F8DB3-F1CD-4D15-AFA1-9564DF14DC8C}"
EndProject
Project("{2150E333-8FDC-42A3-9474-1A3956D46DE8}") = "Pagamento", "Pagamento", "{2D809041-D038-4DE7-9D24-05E4E8D5F319}"
EndProject
Project("{2150E333-8FDC-42A3-9474-1A3956D46DE8}") = "Pedido", "Pedido", "{369E2FA6-BA30-43F9-87AC-412084F56618}"
EndProject
Project("{9A19103F-16F7-4668-BE54-9A1E7A4F7556}") = "NSE.Carrinho.API", "src\services\NSE.Carrinho.API\NSE.Carrinho.API.csproj", "{A6F69524-7488-49A6-9BCF-4BAE9AAC1AAB}"
EndProject
Project("{9A19103F-16F7-4668-BE54-9A1E7A4F7556}") = "NSE.Catalogo.API", "src\services\NSE.Catalogo.API\NSE.Catalogo.API.csproj", "{C8778697-A27B-46E2-ABF4-D8F6A8ACB224}"
EndProject
Project("{9A19103F-16F7-4668-BE54-9A1E7A4F7556}") = "NSE.Clientes.API", "src\services\NSE.Cliente.API\NSE.Clientes.API.csproj", "{E451EB9D-AA5B-4A7E-AE7E-4AFDFD54CB7B}"
EndProject
Project("{9A19103F-16F7-4668-BE54-9A1E7A4F7556}") = "NSE.Pagamento.API", "src\services\NSE.Pagamento.API\NSE.Pagamento.API.csproj", "{B3D1296C-55E6-44EF-BA9A-EDDBA059E219}"
EndProject
Project("{9A19103F-16F7-4668-BE54-9A1E7A4F7556}") = "NSE.Pedido.API", "src\services\NSE.Pedido.API\NSE.Pedido.API.csproj", "{BDCBEE82-E86A-42C3-BB2B-15E1D2C6389F}"
EndProject
Project("{9A19103F-16F7-4668-BE54-9A1E7A4F7556}") = "NSE.WebApp.Mvc.Teste", "src\web\NSE.WebApp.Mvc.Teste\NSE.WebApp.Mvc.Teste.csproj", "{3D37292B-8A6D-4FFD-94DB-E4C81B739C07}"
EndProject
Project("{2150E333-8FDC-42A3-9474-1A3956D46DE8}") = "Services", "Services", "{DCC3F2DA-D9FD-4485-8C26-8A5677348D5F}"
EndProject
Project("{9A19103F-16F7-4668-BE54-9A1E7A4F7556}") = "NSE.WebAPI.Core", "src\building blocks\NSE.WebAPI.Core\NSE.WebAPI.Core.csproj", "{DCDC8BD8-6164-4E4F-A067-E27CABB1587B}"
EndProject
Project("{2150E333-8FDC-42A3-9474-1A3956D46DE8}") = "MessageBus", "MessageBus", "{A768F5D0-2E54-4BEC-BD5F-0132F6B97201}"
EndProject
Project("{FAE04EC0-301F-11D3-BF4B-00C04F79EFBC}") = "NSE.MessageBus", "src\building blocks\NSE.MessageBus\NSE.MessageBus.csproj", "{B9B87FB1-CE16-43AA-AE15-685723E0FD11}"
EndProject
Global
	GlobalSection(SolutionConfigurationPlatforms) = preSolution
		Debug|Any CPU = Debug|Any CPU
		Release|Any CPU = Release|Any CPU
	EndGlobalSection
	GlobalSection(ProjectConfigurationPlatforms) = postSolution
		{BD18FACE-8F66-48C2-A2DA-05C127C65BA9}.Debug|Any CPU.ActiveCfg = Debug|Any CPU
		{BD18FACE-8F66-48C2-A2DA-05C127C65BA9}.Debug|Any CPU.Build.0 = Debug|Any CPU
		{BD18FACE-8F66-48C2-A2DA-05C127C65BA9}.Release|Any CPU.ActiveCfg = Release|Any CPU
		{BD18FACE-8F66-48C2-A2DA-05C127C65BA9}.Release|Any CPU.Build.0 = Release|Any CPU
		{F59DFDBB-02E0-4409-8F07-2147C7C42F94}.Debug|Any CPU.ActiveCfg = Debug|Any CPU
		{F59DFDBB-02E0-4409-8F07-2147C7C42F94}.Debug|Any CPU.Build.0 = Debug|Any CPU
		{F59DFDBB-02E0-4409-8F07-2147C7C42F94}.Release|Any CPU.ActiveCfg = Release|Any CPU
		{F59DFDBB-02E0-4409-8F07-2147C7C42F94}.Release|Any CPU.Build.0 = Release|Any CPU
		{75F19FDA-1097-4D00-8327-006A25BE9D9B}.Debug|Any CPU.ActiveCfg = Debug|Any CPU
		{75F19FDA-1097-4D00-8327-006A25BE9D9B}.Debug|Any CPU.Build.0 = Debug|Any CPU
		{75F19FDA-1097-4D00-8327-006A25BE9D9B}.Release|Any CPU.ActiveCfg = Release|Any CPU
		{75F19FDA-1097-4D00-8327-006A25BE9D9B}.Release|Any CPU.Build.0 = Release|Any CPU
		{A6F69524-7488-49A6-9BCF-4BAE9AAC1AAB}.Debug|Any CPU.ActiveCfg = Debug|Any CPU
		{A6F69524-7488-49A6-9BCF-4BAE9AAC1AAB}.Debug|Any CPU.Build.0 = Debug|Any CPU
		{A6F69524-7488-49A6-9BCF-4BAE9AAC1AAB}.Release|Any CPU.ActiveCfg = Release|Any CPU
		{A6F69524-7488-49A6-9BCF-4BAE9AAC1AAB}.Release|Any CPU.Build.0 = Release|Any CPU
		{C8778697-A27B-46E2-ABF4-D8F6A8ACB224}.Debug|Any CPU.ActiveCfg = Debug|Any CPU
		{C8778697-A27B-46E2-ABF4-D8F6A8ACB224}.Debug|Any CPU.Build.0 = Debug|Any CPU
		{C8778697-A27B-46E2-ABF4-D8F6A8ACB224}.Release|Any CPU.ActiveCfg = Release|Any CPU
		{C8778697-A27B-46E2-ABF4-D8F6A8ACB224}.Release|Any CPU.Build.0 = Release|Any CPU
		{E451EB9D-AA5B-4A7E-AE7E-4AFDFD54CB7B}.Debug|Any CPU.ActiveCfg = Debug|Any CPU
		{E451EB9D-AA5B-4A7E-AE7E-4AFDFD54CB7B}.Debug|Any CPU.Build.0 = Debug|Any CPU
		{E451EB9D-AA5B-4A7E-AE7E-4AFDFD54CB7B}.Release|Any CPU.ActiveCfg = Release|Any CPU
		{E451EB9D-AA5B-4A7E-AE7E-4AFDFD54CB7B}.Release|Any CPU.Build.0 = Release|Any CPU
		{B3D1296C-55E6-44EF-BA9A-EDDBA059E219}.Debug|Any CPU.ActiveCfg = Debug|Any CPU
		{B3D1296C-55E6-44EF-BA9A-EDDBA059E219}.Debug|Any CPU.Build.0 = Debug|Any CPU
		{B3D1296C-55E6-44EF-BA9A-EDDBA059E219}.Release|Any CPU.ActiveCfg = Release|Any CPU
		{B3D1296C-55E6-44EF-BA9A-EDDBA059E219}.Release|Any CPU.Build.0 = Release|Any CPU
		{BDCBEE82-E86A-42C3-BB2B-15E1D2C6389F}.Debug|Any CPU.ActiveCfg = Debug|Any CPU
		{BDCBEE82-E86A-42C3-BB2B-15E1D2C6389F}.Debug|Any CPU.Build.0 = Debug|Any CPU
		{BDCBEE82-E86A-42C3-BB2B-15E1D2C6389F}.Release|Any CPU.ActiveCfg = Release|Any CPU
		{BDCBEE82-E86A-42C3-BB2B-15E1D2C6389F}.Release|Any CPU.Build.0 = Release|Any CPU
		{3D37292B-8A6D-4FFD-94DB-E4C81B739C07}.Debug|Any CPU.ActiveCfg = Debug|Any CPU
		{3D37292B-8A6D-4FFD-94DB-E4C81B739C07}.Debug|Any CPU.Build.0 = Debug|Any CPU
		{3D37292B-8A6D-4FFD-94DB-E4C81B739C07}.Release|Any CPU.ActiveCfg = Release|Any CPU
		{3D37292B-8A6D-4FFD-94DB-E4C81B739C07}.Release|Any CPU.Build.0 = Release|Any CPU
		{DCDC8BD8-6164-4E4F-A067-E27CABB1587B}.Debug|Any CPU.ActiveCfg = Debug|Any CPU
		{DCDC8BD8-6164-4E4F-A067-E27CABB1587B}.Debug|Any CPU.Build.0 = Debug|Any CPU
		{DCDC8BD8-6164-4E4F-A067-E27CABB1587B}.Release|Any CPU.ActiveCfg = Release|Any CPU
		{DCDC8BD8-6164-4E4F-A067-E27CABB1587B}.Release|Any CPU.Build.0 = Release|Any CPU
		{B9B87FB1-CE16-43AA-AE15-685723E0FD11}.Debug|Any CPU.ActiveCfg = Debug|Any CPU
		{B9B87FB1-CE16-43AA-AE15-685723E0FD11}.Debug|Any CPU.Build.0 = Debug|Any CPU
		{B9B87FB1-CE16-43AA-AE15-685723E0FD11}.Release|Any CPU.ActiveCfg = Release|Any CPU
		{B9B87FB1-CE16-43AA-AE15-685723E0FD11}.Release|Any CPU.Build.0 = Release|Any CPU
	EndGlobalSection
	GlobalSection(SolutionProperties) = preSolution
		HideSolutionNode = FALSE
	EndGlobalSection
	GlobalSection(NestedProjects) = preSolution
		{C652D479-27F0-49EA-A860-113F91D6B89F} = {3240B031-4D9F-464E-BB9A-2BDE9F8327F3}
		{52AC191D-8795-4290-B17B-3B17D44C160C} = {3240B031-4D9F-464E-BB9A-2BDE9F8327F3}
		{67BFB4D1-ECED-438F-9814-58A8B26150C1} = {3240B031-4D9F-464E-BB9A-2BDE9F8327F3}
		{1895AF03-94BA-498A-85D9-836815273D9F} = {52AC191D-8795-4290-B17B-3B17D44C160C}
		{BD18FACE-8F66-48C2-A2DA-05C127C65BA9} = {1895AF03-94BA-498A-85D9-836815273D9F}
		{7D50BECF-D930-43D0-B4CB-36BAF61D4B87} = {C652D479-27F0-49EA-A860-113F91D6B89F}
		{F59DFDBB-02E0-4409-8F07-2147C7C42F94} = {7D50BECF-D930-43D0-B4CB-36BAF61D4B87}
		{957383DB-BB98-4D55-B4C5-530C2A78A055} = {67BFB4D1-ECED-438F-9814-58A8B26150C1}
		{75F19FDA-1097-4D00-8327-006A25BE9D9B} = {957383DB-BB98-4D55-B4C5-530C2A78A055}
		{67496B9B-6961-42CA-8CA3-2AB1A92C0D05} = {52AC191D-8795-4290-B17B-3B17D44C160C}
		{6F1D6D3D-7DE2-4E87-B40E-7EDAD145497C} = {52AC191D-8795-4290-B17B-3B17D44C160C}
		{143F8DB3-F1CD-4D15-AFA1-9564DF14DC8C} = {52AC191D-8795-4290-B17B-3B17D44C160C}
		{2D809041-D038-4DE7-9D24-05E4E8D5F319} = {52AC191D-8795-4290-B17B-3B17D44C160C}
		{369E2FA6-BA30-43F9-87AC-412084F56618} = {52AC191D-8795-4290-B17B-3B17D44C160C}
		{A6F69524-7488-49A6-9BCF-4BAE9AAC1AAB} = {67496B9B-6961-42CA-8CA3-2AB1A92C0D05}
		{C8778697-A27B-46E2-ABF4-D8F6A8ACB224} = {6F1D6D3D-7DE2-4E87-B40E-7EDAD145497C}
		{E451EB9D-AA5B-4A7E-AE7E-4AFDFD54CB7B} = {143F8DB3-F1CD-4D15-AFA1-9564DF14DC8C}
		{B3D1296C-55E6-44EF-BA9A-EDDBA059E219} = {2D809041-D038-4DE7-9D24-05E4E8D5F319}
		{BDCBEE82-E86A-42C3-BB2B-15E1D2C6389F} = {369E2FA6-BA30-43F9-87AC-412084F56618}
		{3D37292B-8A6D-4FFD-94DB-E4C81B739C07} = {957383DB-BB98-4D55-B4C5-530C2A78A055}
		{DCC3F2DA-D9FD-4485-8C26-8A5677348D5F} = {C652D479-27F0-49EA-A860-113F91D6B89F}
		{DCDC8BD8-6164-4E4F-A067-E27CABB1587B} = {DCC3F2DA-D9FD-4485-8C26-8A5677348D5F}
		{A768F5D0-2E54-4BEC-BD5F-0132F6B97201} = {C652D479-27F0-49EA-A860-113F91D6B89F}
		{B9B87FB1-CE16-43AA-AE15-685723E0FD11} = {A768F5D0-2E54-4BEC-BD5F-0132F6B97201}
	EndGlobalSection
	GlobalSection(ExtensibilityGlobals) = postSolution
		SolutionGuid = {0C314582-B9C6-4F9C-9590-AEC5104D305E}
	EndGlobalSection
EndGlobal
